<?xml version="1.0" encoding="UTF-8"?>
<CodeBlocks_project_file>
	<FileVersion major="1" minor="6"/>
	<Project>
		<Option title="OMP-tasks"/>
		<Option makefile_is_custom="1"/>
		<Option compiler="gcc"/>
		<Option virtualFolders="CMake Files\;"/>
		<Build>
			<Target title="all">
				<Option working_dir="C:/Users/kmb99/CLionProjects/OMP-tasks(OMP)"/>
				<Option type="4"/>
				<MakeCommands>
					<Build command="C:/PROGRA~1/MINGW-~1/X86_64~1.0-P/mingw64/bin/mingw32-make.exe -f &quot;C:/Users/kmb99/CLionProjects/OMP-tasks(OMP)/Makefile&quot;  VERBOSE=1 all"/>
					<CompileFile command="C:/PROGRA~1/MINGW-~1/X86_64~1.0-P/mingw64/bin/mingw32-make.exe -f &quot;C:/Users/kmb99/CLionProjects/OMP-tasks(OMP)/Makefile&quot;  VERBOSE=1 &quot;$file&quot;"/>
					<Clean command="C:/PROGRA~1/MINGW-~1/X86_64~1.0-P/mingw64/bin/mingw32-make.exe -f &quot;C:/Users/kmb99/CLionProjects/OMP-tasks(OMP)/Makefile&quot;  VERBOSE=1 clean"/>
					<DistClean command="C:/PROGRA~1/MINGW-~1/X86_64~1.0-P/mingw64/bin/mingw32-make.exe -f &quot;C:/Users/kmb99/CLionProjects/OMP-tasks(OMP)/Makefile&quot;  VERBOSE=1 clean"/>
				</MakeCommands>
			</Target>
			<Target title="OMP-tasks">
				<Option output="C:/Users/kmb99/CLionProjects/OMP-tasks(OMP)/OMP-tasks.exe" prefix_auto="0" extension_auto="0"/>
				<Option working_dir="C:/Users/kmb99/CLionProjects/OMP-tasks(OMP)"/>
				<Option object_output="./"/>
				<Option type="1"/>
				<Option compiler="gcc"/>
				<Compiler>
					<Add directory="C:/Program Files (x86)/Microsoft SDKs/MPI/Include"/>
					<Add directory="C:/Program Files/mingw-w64/x86_64-8.1.0-posix-seh-rt_v6-rev0/mingw64/bin/../lib/gcc/x86_64-w64-mingw32/8.1.0/include/c++"/>
					<Add directory="C:/Program Files/mingw-w64/x86_64-8.1.0-posix-seh-rt_v6-rev0/mingw64/bin/../lib/gcc/x86_64-w64-mingw32/8.1.0/include/c++/x86_64-w64-mingw32"/>
					<Add directory="C:/Program Files/mingw-w64/x86_64-8.1.0-posix-seh-rt_v6-rev0/mingw64/bin/../lib/gcc/x86_64-w64-mingw32/8.1.0/include/c++/backward"/>
					<Add directory="C:/Program Files/mingw-w64/x86_64-8.1.0-posix-seh-rt_v6-rev0/mingw64/bin/../lib/gcc/x86_64-w64-mingw32/8.1.0/include"/>
					<Add directory="C:/Program Files/mingw-w64/x86_64-8.1.0-posix-seh-rt_v6-rev0/mingw64/bin/../lib/gcc/x86_64-w64-mingw32/8.1.0/include-fixed"/>
					<Add directory="C:/Program Files/mingw-w64/x86_64-8.1.0-posix-seh-rt_v6-rev0/mingw64/bin/../lib/gcc/x86_64-w64-mingw32/8.1.0/../../../../x86_64-w64-mingw32/include"/>
				</Compiler>
				<MakeCommands>
					<Build command="C:/PROGRA~1/MINGW-~1/X86_64~1.0-P/mingw64/bin/mingw32-make.exe -f &quot;C:/Users/kmb99/CLionProjects/OMP-tasks(OMP)/Makefile&quot;  VERBOSE=1 OMP-tasks"/>
					<CompileFile command="C:/PROGRA~1/MINGW-~1/X86_64~1.0-P/mingw64/bin/mingw32-make.exe -f &quot;C:/Users/kmb99/CLionProjects/OMP-tasks(OMP)/Makefile&quot;  VERBOSE=1 &quot;$file&quot;"/>
					<Clean command="C:/PROGRA~1/MINGW-~1/X86_64~1.0-P/mingw64/bin/mingw32-make.exe -f &quot;C:/Users/kmb99/CLionProjects/OMP-tasks(OMP)/Makefile&quot;  VERBOSE=1 clean"/>
					<DistClean command="C:/PROGRA~1/MINGW-~1/X86_64~1.0-P/mingw64/bin/mingw32-make.exe -f &quot;C:/Users/kmb99/CLionProjects/OMP-tasks(OMP)/Makefile&quot;  VERBOSE=1 clean"/>
				</MakeCommands>
			</Target>
			<Target title="OMP-tasks/fast">
				<Option output="C:/Users/kmb99/CLionProjects/OMP-tasks(OMP)/OMP-tasks.exe" prefix_auto="0" extension_auto="0"/>
				<Option working_dir="C:/Users/kmb99/CLionProjects/OMP-tasks(OMP)"/>
				<Option object_output="./"/>
				<Option type="1"/>
				<Option compiler="gcc"/>
				<Compiler>
					<Add directory="C:/Program Files (x86)/Microsoft SDKs/MPI/Include"/>
					<Add directory="C:/Program Files/mingw-w64/x86_64-8.1.0-posix-seh-rt_v6-rev0/mingw64/bin/../lib/gcc/x86_64-w64-mingw32/8.1.0/include/c++"/>
					<Add directory="C:/Program Files/mingw-w64/x86_64-8.1.0-posix-seh-rt_v6-rev0/mingw64/bin/../lib/gcc/x86_64-w64-mingw32/8.1.0/include/c++/x86_64-w64-mingw32"/>
					<Add directory="C:/Program Files/mingw-w64/x86_64-8.1.0-posix-seh-rt_v6-rev0/mingw64/bin/../lib/gcc/x86_64-w64-mingw32/8.1.0/include/c++/backward"/>
					<Add directory="C:/Program Files/mingw-w64/x86_64-8.1.0-posix-seh-rt_v6-rev0/mingw64/bin/../lib/gcc/x86_64-w64-mingw32/8.1.0/include"/>
					<Add directory="C:/Program Files/mingw-w64/x86_64-8.1.0-posix-seh-rt_v6-rev0/mingw64/bin/../lib/gcc/x86_64-w64-mingw32/8.1.0/include-fixed"/>
					<Add directory="C:/Program Files/mingw-w64/x86_64-8.1.0-posix-seh-rt_v6-rev0/mingw64/bin/../lib/gcc/x86_64-w64-mingw32/8.1.0/../../../../x86_64-w64-mingw32/include"/>
				</Compiler>
				<MakeCommands>
					<Build command="C:/PROGRA~1/MINGW-~1/X86_64~1.0-P/mingw64/bin/mingw32-make.exe -f &quot;C:/Users/kmb99/CLionProjects/OMP-tasks(OMP)/Makefile&quot;  VERBOSE=1 OMP-tasks/fast"/>
					<CompileFile command="C:/PROGRA~1/MINGW-~1/X86_64~1.0-P/mingw64/bin/mingw32-make.exe -f &quot;C:/Users/kmb99/CLionProjects/OMP-tasks(OMP)/Makefile&quot;  VERBOSE=1 &quot;$file&quot;"/>
					<Clean command="C:/PROGRA~1/MINGW-~1/X86_64~1.0-P/mingw64/bin/mingw32-make.exe -f &quot;C:/Users/kmb99/CLionProjects/OMP-tasks(OMP)/Makefile&quot;  VERBOSE=1 clean"/>
					<DistClean command="C:/PROGRA~1/MINGW-~1/X86_64~1.0-P/mingw64/bin/mingw32-make.exe -f &quot;C:/Users/kmb99/CLionProjects/OMP-tasks(OMP)/Makefile&quot;  VERBOSE=1 clean"/>
				</MakeCommands>
			</Target>
			<Target title="edit_cache">
				<Option working_dir="C:/Users/kmb99/CLionProjects/OMP-tasks(OMP)"/>
				<Option type="4"/>
				<MakeCommands>
					<Build command="C:/PROGRA~1/MINGW-~1/X86_64~1.0-P/mingw64/bin/mingw32-make.exe -f &quot;C:/Users/kmb99/CLionProjects/OMP-tasks(OMP)/Makefile&quot;  VERBOSE=1 edit_cache"/>
					<CompileFile command="C:/PROGRA~1/MINGW-~1/X86_64~1.0-P/mingw64/bin/mingw32-make.exe -f &quot;C:/Users/kmb99/CLionProjects/OMP-tasks(OMP)/Makefile&quot;  VERBOSE=1 &quot;$file&quot;"/>
					<Clean command="C:/PROGRA~1/MINGW-~1/X86_64~1.0-P/mingw64/bin/mingw32-make.exe -f &quot;C:/Users/kmb99/CLionProjects/OMP-tasks(OMP)/Makefile&quot;  VERBOSE=1 clean"/>
					<DistClean command="C:/PROGRA~1/MINGW-~1/X86_64~1.0-P/mingw64/bin/mingw32-make.exe -f &quot;C:/Users/kmb99/CLionProjects/OMP-tasks(OMP)/Makefile&quot;  VERBOSE=1 clean"/>
				</MakeCommands>
			</Target>
			<Target title="rebuild_cache">
				<Option working_dir="C:/Users/kmb99/CLionProjects/OMP-tasks(OMP)"/>
				<Option type="4"/>
				<MakeCommands>
					<Build command="C:/PROGRA~1/MINGW-~1/X86_64~1.0-P/mingw64/bin/mingw32-make.exe -f &quot;C:/Users/kmb99/CLionProjects/OMP-tasks(OMP)/Makefile&quot;  VERBOSE=1 rebuild_cache"/>
					<CompileFile command="C:/PROGRA~1/MINGW-~1/X86_64~1.0-P/mingw64/bin/mingw32-make.exe -f &quot;C:/Users/kmb99/CLionProjects/OMP-tasks(OMP)/Makefile&quot;  VERBOSE=1 &quot;$file&quot;"/>
					<Clean command="C:/PROGRA~1/MINGW-~1/X86_64~1.0-P/mingw64/bin/mingw32-make.exe -f &quot;C:/Users/kmb99/CLionProjects/OMP-tasks(OMP)/Makefile&quot;  VERBOSE=1 clean"/>
					<DistClean command="C:/PROGRA~1/MINGW-~1/X86_64~1.0-P/mingw64/bin/mingw32-make.exe -f &quot;C:/Users/kmb99/CLionProjects/OMP-tasks(OMP)/Makefile&quot;  VERBOSE=1 clean"/>
				</MakeCommands>
			</Target>
		</Build>
		<Unit filename="C:/Users/kmb99/CLionProjects/OMP-tasks(OMP)/mpi/launcherMPI.cpp">
			<Option target="OMP-tasks"/>
		</Unit>
		<Unit filename="C:/Users/kmb99/CLionProjects/OMP-tasks(OMP)/mpi/taskMPI1.cpp">
			<Option target="OMP-tasks"/>
		</Unit>
		<Unit filename="C:/Users/kmb99/CLionProjects/OMP-tasks(OMP)/mpi/taskMPI1.h">
			<Option target="OMP-tasks"/>
		</Unit>
		<Unit filename="C:/Users/kmb99/CLionProjects/OMP-tasks(OMP)/mpi/taskMPI10.cpp">
			<Option target="OMP-tasks"/>
		</Unit>
		<Unit filename="C:/Users/kmb99/CLionProjects/OMP-tasks(OMP)/mpi/taskMPI10.h">
			<Option target="OMP-tasks"/>
		</Unit>
		<Unit filename="C:/Users/kmb99/CLionProjects/OMP-tasks(OMP)/mpi/taskMPI11.cpp">
			<Option target="OMP-tasks"/>
		</Unit>
		<Unit filename="C:/Users/kmb99/CLionProjects/OMP-tasks(OMP)/mpi/taskMPI11.h">
			<Option target="OMP-tasks"/>
		</Unit>
		<Unit filename="C:/Users/kmb99/CLionProjects/OMP-tasks(OMP)/mpi/taskMPI2.cpp">
			<Option target="OMP-tasks"/>
		</Unit>
		<Unit filename="C:/Users/kmb99/CLionProjects/OMP-tasks(OMP)/mpi/taskMPI2.h">
			<Option target="OMP-tasks"/>
		</Unit>
		<Unit filename="C:/Users/kmb99/CLionProjects/OMP-tasks(OMP)/mpi/taskMPI3.cpp">
			<Option target="OMP-tasks"/>
		</Unit>
		<Unit filename="C:/Users/kmb99/CLionProjects/OMP-tasks(OMP)/mpi/taskMPI3.h">
			<Option target="OMP-tasks"/>
		</Unit>
		<Unit filename="C:/Users/kmb99/CLionProjects/OMP-tasks(OMP)/mpi/taskMPI4.cpp">
			<Option target="OMP-tasks"/>
		</Unit>
		<Unit filename="C:/Users/kmb99/CLionProjects/OMP-tasks(OMP)/mpi/taskMPI4.h">
			<Option target="OMP-tasks"/>
		</Unit>
		<Unit filename="C:/Users/kmb99/CLionProjects/OMP-tasks(OMP)/mpi/taskMPI5.cpp">
			<Option target="OMP-tasks"/>
		</Unit>
		<Unit filename="C:/Users/kmb99/CLionProjects/OMP-tasks(OMP)/mpi/taskMPI5.h">
			<Option target="OMP-tasks"/>
		</Unit>
		<Unit filename="C:/Users/kmb99/CLionProjects/OMP-tasks(OMP)/mpi/taskMPI6.cpp">
			<Option target="OMP-tasks"/>
		</Unit>
		<Unit filename="C:/Users/kmb99/CLionProjects/OMP-tasks(OMP)/mpi/taskMPI6.h">
			<Option target="OMP-tasks"/>
		</Unit>
		<Unit filename="C:/Users/kmb99/CLionProjects/OMP-tasks(OMP)/mpi/taskMPI7.cpp">
			<Option target="OMP-tasks"/>
		</Unit>
		<Unit filename="C:/Users/kmb99/CLionProjects/OMP-tasks(OMP)/mpi/taskMPI7.h">
			<Option target="OMP-tasks"/>
		</Unit>
		<Unit filename="C:/Users/kmb99/CLionProjects/OMP-tasks(OMP)/mpi/taskMPI8.cpp">
			<Option target="OMP-tasks"/>
		</Unit>
		<Unit filename="C:/Users/kmb99/CLionProjects/OMP-tasks(OMP)/mpi/taskMPI8.h">
			<Option target="OMP-tasks"/>
		</Unit>
		<Unit filename="C:/Users/kmb99/CLionProjects/OMP-tasks(OMP)/mpi/taskMPI9.cpp">
			<Option target="OMP-tasks"/>
		</Unit>
		<Unit filename="C:/Users/kmb99/CLionProjects/OMP-tasks(OMP)/mpi/taskMPI9.h">
			<Option target="OMP-tasks"/>
		</Unit>
		<Unit filename="C:/Users/kmb99/CLionProjects/OMP-tasks(OMP)/CMakeLists.txt">
			<Option virtualFolder="CMake Files\"/>
		</Unit>
	</Project>
</CodeBlocks_project_file>
